
Microsoft Visual Studio Solution File, Format Version 12.00
# Visual Studio Version 17
VisualStudioVersion = 17.0.31903.59
MinimumVisualStudioVersion = 10.0.40219.1
Project("{2150E333-8FDC-42A3-9474-1A3956D46DE8}") = "solution", "solution", "{ABD2ADD4-78FC-455C-9E72-1950554586E9}"
	ProjectSection(SolutionItems) = preProject
		global.json = global.json
		.gitignore = .gitignore
		docker-compose.yml = docker-compose.yml
	EndProjectSection
EndProject
Project("{2150E333-8FDC-42A3-9474-1A3956D46DE8}") = "src", "src", "{1AA1A271-B127-4AB4-A137-67CDC4655917}"
EndProject
Project("{FAE04EC0-301F-11D3-BF4B-00C04F79EFBC}") = "Lister.Infra.Sql", "src\Lister.Infra.Sql\Lister.Infra.Sql.csproj", "{E22BE0E0-FB7F-4AE5-ACA8-BB7F26853D82}"
EndProject
Project("{FAE04EC0-301F-11D3-BF4B-00C04F79EFBC}") = "Lister.Domain", "src\Lister.Domain\Lister.Domain.csproj", "{D9EB863D-DCEA-444E-B475-30F3139ECFC3}"
EndProject
Project("{FAE04EC0-301F-11D3-BF4B-00C04F79EFBC}") = "Lister.Server", "src\Lister.Server\Lister.Server.csproj", "{1DAD2A4C-7104-45DD-8301-DC868B8A6C6C}"
EndProject
Project("{FAE04EC0-301F-11D3-BF4B-00C04F79EFBC}") = "Lister.Application", "src\Lister.Application\Lister.Application.csproj", "{53B038AA-BB3A-4F48-90E9-1E5441231157}"
EndProject
Project("{54A90642-561A-4BB1-A94E-469ADEE60C69}") = "Lister.Client", "src\Lister.Client\Lister.Client.esproj", "{D413228F-C866-4539-8C97-01EF654DD7D1}"
EndProject
Global
	GlobalSection(SolutionConfigurationPlatforms) = preSolution
		Debug|Any CPU = Debug|Any CPU
		Release|Any CPU = Release|Any CPU
	EndGlobalSection
	GlobalSection(SolutionProperties) = preSolution
		HideSolutionNode = FALSE
	EndGlobalSection
	GlobalSection(NestedProjects) = preSolution
		{E22BE0E0-FB7F-4AE5-ACA8-BB7F26853D82} = {1AA1A271-B127-4AB4-A137-67CDC4655917}
		{D9EB863D-DCEA-444E-B475-30F3139ECFC3} = {1AA1A271-B127-4AB4-A137-67CDC4655917}
		{1DAD2A4C-7104-45DD-8301-DC868B8A6C6C} = {1AA1A271-B127-4AB4-A137-67CDC4655917}
		{53B038AA-BB3A-4F48-90E9-1E5441231157} = {1AA1A271-B127-4AB4-A137-67CDC4655917}
		{D413228F-C866-4539-8C97-01EF654DD7D1} = {1AA1A271-B127-4AB4-A137-67CDC4655917}
	EndGlobalSection
	GlobalSection(ProjectConfigurationPlatforms) = postSolution
		{E22BE0E0-FB7F-4AE5-ACA8-BB7F26853D82}.Debug|Any CPU.ActiveCfg = Debug|Any CPU
		{E22BE0E0-FB7F-4AE5-ACA8-BB7F26853D82}.Debug|Any CPU.Build.0 = Debug|Any CPU
		{E22BE0E0-FB7F-4AE5-ACA8-BB7F26853D82}.Release|Any CPU.ActiveCfg = Release|Any CPU
		{E22BE0E0-FB7F-4AE5-ACA8-BB7F26853D82}.Release|Any CPU.Build.0 = Release|Any CPU
		{D9EB863D-DCEA-444E-B475-30F3139ECFC3}.Debug|Any CPU.ActiveCfg = Debug|Any CPU
		{D9EB863D-DCEA-444E-B475-30F3139ECFC3}.Debug|Any CPU.Build.0 = Debug|Any CPU
		{D9EB863D-DCEA-444E-B475-30F3139ECFC3}.Release|Any CPU.ActiveCfg = Release|Any CPU
		{D9EB863D-DCEA-444E-B475-30F3139ECFC3}.Release|Any CPU.Build.0 = Release|Any CPU
		{1DAD2A4C-7104-45DD-8301-DC868B8A6C6C}.Debug|Any CPU.ActiveCfg = Debug|Any CPU
		{1DAD2A4C-7104-45DD-8301-DC868B8A6C6C}.Debug|Any CPU.Build.0 = Debug|Any CPU
		{1DAD2A4C-7104-45DD-8301-DC868B8A6C6C}.Release|Any CPU.ActiveCfg = Release|Any CPU
		{1DAD2A4C-7104-45DD-8301-DC868B8A6C6C}.Release|Any CPU.Build.0 = Release|Any CPU
		{53B038AA-BB3A-4F48-90E9-1E5441231157}.Debug|Any CPU.ActiveCfg = Debug|Any CPU
		{53B038AA-BB3A-4F48-90E9-1E5441231157}.Debug|Any CPU.Build.0 = Debug|Any CPU
		{53B038AA-BB3A-4F48-90E9-1E5441231157}.Release|Any CPU.ActiveCfg = Release|Any CPU
		{53B038AA-BB3A-4F48-90E9-1E5441231157}.Release|Any CPU.Build.0 = Release|Any CPU
		{D413228F-C866-4539-8C97-01EF654DD7D1}.Debug|Any CPU.ActiveCfg = Debug|Any CPU
		{D413228F-C866-4539-8C97-01EF654DD7D1}.Debug|Any CPU.Build.0 = Debug|Any CPU
		{D413228F-C866-4539-8C97-01EF654DD7D1}.Release|Any CPU.ActiveCfg = Debug|Any CPU
		{D413228F-C866-4539-8C97-01EF654DD7D1}.Release|Any CPU.Build.0 = Debug|Any CPU
	EndGlobalSection
EndGlobal
