Microsoft Visual Studio Solution File, Format Version 12.00
# Visual Studio Version 17
VisualStudioVersion = 17.5.2.0
MinimumVisualStudioVersion = 10.0.40219.1
Project("{2150E333-8FDC-42A3-9474-1A3956D46DE8}") = "src", "src", "{827E0CD3-B72D-47B6-A68D-7590B98EB39B}"
EndProject
Project("{FAE04EC0-301F-11D3-BF4B-00C04F79EFBC}") = "Lister.Server", "src\Lister.Server\Lister.Server.csproj", "{400CE5D5-5D76-59A8-D904-99A1192AAB32}"
EndProject
Project("{2150E333-8FDC-42A3-9474-1A3956D46DE8}") = "Modules", "Modules", "{EC447DCF-ABFA-6E24-52A5-D7FD48A5C558}"
EndProject
Project("{2150E333-8FDC-42A3-9474-1A3956D46DE8}") = "Core", "Core", "{D6D160DD-AE2A-0C32-F31B-9BD72717AAF2}"
EndProject
Project("{FAE04EC0-301F-11D3-BF4B-00C04F79EFBC}") = "Lister.Core.Infrastructure.Sql", "src\Modules\Core\Lister.Core.Infrastructure.Sql\Lister.Core.Infrastructure.Sql.csproj", "{BDA3E510-2549-F720-4014-C22B67BD35B1}"
EndProject
Project("{FAE04EC0-301F-11D3-BF4B-00C04F79EFBC}") = "Lister.Core.Domain", "src\Modules\Core\Lister.Core.Domain\Lister.Core.Domain.csproj", "{6D4BF8E2-7C92-23AE-1B4F-3450BEA0E323}"
EndProject
Project("{FAE04EC0-301F-11D3-BF4B-00C04F79EFBC}") = "Lister.Core.Application", "src\Modules\Core\Lister.Core.Application\Lister.Core.Application.csproj", "{4B151DCF-4C35-0705-9BD5-779063ECA42C}"
EndProject
Project("{2150E333-8FDC-42A3-9474-1A3956D46DE8}") = "Lists", "Lists", "{76CE5220-2BF7-21C2-869E-A9190D487C41}"
EndProject
Project("{FAE04EC0-301F-11D3-BF4B-00C04F79EFBC}") = "Lister.Lists.Infrastructure.Sql", "src\Modules\Lists\Lister.Lists.Infrastructure.Sql\Lister.Lists.Infrastructure.Sql.csproj", "{494B9CE7-10CF-06EB-8A21-FA0D31DF7EEE}"
EndProject
Project("{FAE04EC0-301F-11D3-BF4B-00C04F79EFBC}") = "Lister.Lists.Application", "src\Modules\Lists\Lister.Lists.Application\Lister.Lists.Application.csproj", "{DE32DF86-F241-2E0D-C8D8-AFA8B5155228}"
EndProject
Project("{FAE04EC0-301F-11D3-BF4B-00C04F79EFBC}") = "Lister.Lists.Tests", "src\Modules\Lists\Lister.Lists.Tests\Lister.Lists.Tests.csproj", "{052A5BC6-1505-8772-B402-A20B15E4C622}"
EndProject
Project("{FAE04EC0-301F-11D3-BF4B-00C04F79EFBC}") = "Lister.Lists.Domain", "src\Modules\Lists\Lister.Lists.Domain\Lister.Lists.Domain.csproj", "{8D108FA6-EDF2-BA07-4B6D-6216476D2C7C}"
EndProject
Project("{2150E333-8FDC-42A3-9474-1A3956D46DE8}") = "Users", "Users", "{A26F344D-182E-CE53-AD51-2154946AC6F3}"
EndProject
Project("{FAE04EC0-301F-11D3-BF4B-00C04F79EFBC}") = "Lister.Users.Domain", "src\Modules\Users\Lister.Users.Domain\Lister.Users.Domain.csproj", "{67899A89-701A-3F35-5795-3C0A387369A8}"
EndProject
Project("{FAE04EC0-301F-11D3-BF4B-00C04F79EFBC}") = "Lister.Users.Infrastructure.Sql", "src\Modules\Users\Lister.Users.Infrastructure.Sql\Lister.Users.Infrastructure.Sql.csproj", "{C6351230-11DF-8381-A636-2801E825AC9B}"
EndProject
Project("{FAE04EC0-301F-11D3-BF4B-00C04F79EFBC}") = "Lister.Users.Application", "src\Modules\Users\Lister.Users.Application\Lister.Users.Application.csproj", "{502B828F-EDE4-C703-BD47-A903DB2798AD}"
EndProject
Global
	GlobalSection(SolutionConfigurationPlatforms) = preSolution
		Debug|Any CPU = Debug|Any CPU
		Release|Any CPU = Release|Any CPU
	EndGlobalSection
	GlobalSection(ProjectConfigurationPlatforms) = postSolution
		{400CE5D5-5D76-59A8-D904-99A1192AAB32}.Debug|Any CPU.ActiveCfg = Debug|Any CPU
		{400CE5D5-5D76-59A8-D904-99A1192AAB32}.Debug|Any CPU.Build.0 = Debug|Any CPU
		{400CE5D5-5D76-59A8-D904-99A1192AAB32}.Release|Any CPU.ActiveCfg = Release|Any CPU
		{400CE5D5-5D76-59A8-D904-99A1192AAB32}.Release|Any CPU.Build.0 = Release|Any CPU
		{BDA3E510-2549-F720-4014-C22B67BD35B1}.Debug|Any CPU.ActiveCfg = Debug|Any CPU
		{BDA3E510-2549-F720-4014-C22B67BD35B1}.Debug|Any CPU.Build.0 = Debug|Any CPU
		{BDA3E510-2549-F720-4014-C22B67BD35B1}.Release|Any CPU.ActiveCfg = Release|Any CPU
		{BDA3E510-2549-F720-4014-C22B67BD35B1}.Release|Any CPU.Build.0 = Release|Any CPU
		{6D4BF8E2-7C92-23AE-1B4F-3450BEA0E323}.Debug|Any CPU.ActiveCfg = Debug|Any CPU
		{6D4BF8E2-7C92-23AE-1B4F-3450BEA0E323}.Debug|Any CPU.Build.0 = Debug|Any CPU
		{6D4BF8E2-7C92-23AE-1B4F-3450BEA0E323}.Release|Any CPU.ActiveCfg = Release|Any CPU
		{6D4BF8E2-7C92-23AE-1B4F-3450BEA0E323}.Release|Any CPU.Build.0 = Release|Any CPU
		{4B151DCF-4C35-0705-9BD5-779063ECA42C}.Debug|Any CPU.ActiveCfg = Debug|Any CPU
		{4B151DCF-4C35-0705-9BD5-779063ECA42C}.Debug|Any CPU.Build.0 = Debug|Any CPU
		{4B151DCF-4C35-0705-9BD5-779063ECA42C}.Release|Any CPU.ActiveCfg = Release|Any CPU
		{4B151DCF-4C35-0705-9BD5-779063ECA42C}.Release|Any CPU.Build.0 = Release|Any CPU
		{494B9CE7-10CF-06EB-8A21-FA0D31DF7EEE}.Debug|Any CPU.ActiveCfg = Debug|Any CPU
		{494B9CE7-10CF-06EB-8A21-FA0D31DF7EEE}.Debug|Any CPU.Build.0 = Debug|Any CPU
		{494B9CE7-10CF-06EB-8A21-FA0D31DF7EEE}.Release|Any CPU.ActiveCfg = Release|Any CPU
		{494B9CE7-10CF-06EB-8A21-FA0D31DF7EEE}.Release|Any CPU.Build.0 = Release|Any CPU
		{DE32DF86-F241-2E0D-C8D8-AFA8B5155228}.Debug|Any CPU.ActiveCfg = Debug|Any CPU
		{DE32DF86-F241-2E0D-C8D8-AFA8B5155228}.Debug|Any CPU.Build.0 = Debug|Any CPU
		{DE32DF86-F241-2E0D-C8D8-AFA8B5155228}.Release|Any CPU.ActiveCfg = Release|Any CPU
		{DE32DF86-F241-2E0D-C8D8-AFA8B5155228}.Release|Any CPU.Build.0 = Release|Any CPU
		{052A5BC6-1505-8772-B402-A20B15E4C622}.Debug|Any CPU.ActiveCfg = Debug|Any CPU
		{052A5BC6-1505-8772-B402-A20B15E4C622}.Debug|Any CPU.Build.0 = Debug|Any CPU
		{052A5BC6-1505-8772-B402-A20B15E4C622}.Release|Any CPU.ActiveCfg = Release|Any CPU
		{052A5BC6-1505-8772-B402-A20B15E4C622}.Release|Any CPU.Build.0 = Release|Any CPU
		{8D108FA6-EDF2-BA07-4B6D-6216476D2C7C}.Debug|Any CPU.ActiveCfg = Debug|Any CPU
		{8D108FA6-EDF2-BA07-4B6D-6216476D2C7C}.Debug|Any CPU.Build.0 = Debug|Any CPU
		{8D108FA6-EDF2-BA07-4B6D-6216476D2C7C}.Release|Any CPU.ActiveCfg = Release|Any CPU
		{8D108FA6-EDF2-BA07-4B6D-6216476D2C7C}.Release|Any CPU.Build.0 = Release|Any CPU
		{67899A89-701A-3F35-5795-3C0A387369A8}.Debug|Any CPU.ActiveCfg = Debug|Any CPU
		{67899A89-701A-3F35-5795-3C0A387369A8}.Debug|Any CPU.Build.0 = Debug|Any CPU
		{67899A89-701A-3F35-5795-3C0A387369A8}.Release|Any CPU.ActiveCfg = Release|Any CPU
		{67899A89-701A-3F35-5795-3C0A387369A8}.Release|Any CPU.Build.0 = Release|Any CPU
		{C6351230-11DF-8381-A636-2801E825AC9B}.Debug|Any CPU.ActiveCfg = Debug|Any CPU
		{C6351230-11DF-8381-A636-2801E825AC9B}.Debug|Any CPU.Build.0 = Debug|Any CPU
		{C6351230-11DF-8381-A636-2801E825AC9B}.Release|Any CPU.ActiveCfg = Release|Any CPU
		{C6351230-11DF-8381-A636-2801E825AC9B}.Release|Any CPU.Build.0 = Release|Any CPU
		{502B828F-EDE4-C703-BD47-A903DB2798AD}.Debug|Any CPU.ActiveCfg = Debug|Any CPU
		{502B828F-EDE4-C703-BD47-A903DB2798AD}.Debug|Any CPU.Build.0 = Debug|Any CPU
		{502B828F-EDE4-C703-BD47-A903DB2798AD}.Release|Any CPU.ActiveCfg = Release|Any CPU
		{502B828F-EDE4-C703-BD47-A903DB2798AD}.Release|Any CPU.Build.0 = Release|Any CPU
	EndGlobalSection
	GlobalSection(SolutionProperties) = preSolution
		HideSolutionNode = FALSE
	EndGlobalSection
	GlobalSection(NestedProjects) = preSolution
		{400CE5D5-5D76-59A8-D904-99A1192AAB32} = {827E0CD3-B72D-47B6-A68D-7590B98EB39B}
		{EC447DCF-ABFA-6E24-52A5-D7FD48A5C558} = {827E0CD3-B72D-47B6-A68D-7590B98EB39B}
		{D6D160DD-AE2A-0C32-F31B-9BD72717AAF2} = {EC447DCF-ABFA-6E24-52A5-D7FD48A5C558}
		{BDA3E510-2549-F720-4014-C22B67BD35B1} = {D6D160DD-AE2A-0C32-F31B-9BD72717AAF2}
		{6D4BF8E2-7C92-23AE-1B4F-3450BEA0E323} = {D6D160DD-AE2A-0C32-F31B-9BD72717AAF2}
		{4B151DCF-4C35-0705-9BD5-779063ECA42C} = {D6D160DD-AE2A-0C32-F31B-9BD72717AAF2}
		{76CE5220-2BF7-21C2-869E-A9190D487C41} = {EC447DCF-ABFA-6E24-52A5-D7FD48A5C558}
		{494B9CE7-10CF-06EB-8A21-FA0D31DF7EEE} = {76CE5220-2BF7-21C2-869E-A9190D487C41}
		{DE32DF86-F241-2E0D-C8D8-AFA8B5155228} = {76CE5220-2BF7-21C2-869E-A9190D487C41}
		{052A5BC6-1505-8772-B402-A20B15E4C622} = {76CE5220-2BF7-21C2-869E-A9190D487C41}
		{8D108FA6-EDF2-BA07-4B6D-6216476D2C7C} = {76CE5220-2BF7-21C2-869E-A9190D487C41}
		{A26F344D-182E-CE53-AD51-2154946AC6F3} = {EC447DCF-ABFA-6E24-52A5-D7FD48A5C558}
		{67899A89-701A-3F35-5795-3C0A387369A8} = {A26F344D-182E-CE53-AD51-2154946AC6F3}
		{C6351230-11DF-8381-A636-2801E825AC9B} = {A26F344D-182E-CE53-AD51-2154946AC6F3}
		{502B828F-EDE4-C703-BD47-A903DB2798AD} = {A26F344D-182E-CE53-AD51-2154946AC6F3}
	EndGlobalSection
	GlobalSection(ExtensibilityGlobals) = postSolution
		SolutionGuid = {EF9BF741-1213-4DDE-9417-E093DFF173B3}
	EndGlobalSection
EndGlobal
