
Microsoft Visual Studio Solution File, Format Version 12.00
# Visual Studio Version 17
VisualStudioVersion = 17.0.31903.59
MinimumVisualStudioVersion = 10.0.40219.1
Project("{2150E333-8FDC-42A3-9474-1A3956D46DE8}") = "solution", "solution", "{ABD2ADD4-78FC-455C-9E72-1950554586E9}"
	ProjectSection(SolutionItems) = preProject
		global.json = global.json
		.gitignore = .gitignore
		docker-compose.yml = docker-compose.yml
		LICENSE = LICENSE
		README.md = README.md
		nuget.config = nuget.config
	EndProjectSection
EndProject
Project("{2150E333-8FDC-42A3-9474-1A3956D46DE8}") = "src", "src", "{1AA1A271-B127-4AB4-A137-67CDC4655917}"
EndProject
Project("{FAE04EC0-301F-11D3-BF4B-00C04F79EFBC}") = "Lister.Server", "src\Lister.Server\Lister.Server.csproj", "{1DAD2A4C-7104-45DD-8301-DC868B8A6C6C}"
EndProject
Project("{54A90642-561A-4BB1-A94E-469ADEE60C69}") = "Lister.Client", "src\Lister.Client\Lister.Client.esproj", "{D413228F-C866-4539-8C97-01EF654DD7D1}"
EndProject
Project("{2150E333-8FDC-42A3-9474-1A3956D46DE8}") = "Modules", "Modules", "{8F27C246-8041-4FE4-99B3-B52CF6D4A298}"
EndProject
Project("{2150E333-8FDC-42A3-9474-1A3956D46DE8}") = "Core", "Core", "{2FEFB6CD-394D-4B1A-B115-0674636A9269}"
EndProject
Project("{2150E333-8FDC-42A3-9474-1A3956D46DE8}") = "Lists", "Lists", "{0F8609A7-BB48-4D08-AAC3-C71D82E86F27}"
EndProject
Project("{FAE04EC0-301F-11D3-BF4B-00C04F79EFBC}") = "Lister.Lists.Application", "src\Modules\Lists\Lister.Lists.Application\Lister.Lists.Application.csproj", "{0619B74E-04D3-4DFE-92C5-843CBCDCCE63}"
EndProject
Project("{FAE04EC0-301F-11D3-BF4B-00C04F79EFBC}") = "Lister.Lists.Domain", "src\Modules\Lists\Lister.Lists.Domain\Lister.Lists.Domain.csproj", "{5EC6D1EF-2717-4A01-AF2D-D3D3DA9B90C3}"
EndProject
Project("{FAE04EC0-301F-11D3-BF4B-00C04F79EFBC}") = "Lister.Core.Application", "src\Modules\Core\Lister.Core.Application\Lister.Core.Application.csproj", "{392AB6F6-9199-462B-80A2-D3C2FFF314B2}"
EndProject
Project("{FAE04EC0-301F-11D3-BF4B-00C04F79EFBC}") = "Lister.Core.Domain", "src\Modules\Core\Lister.Core.Domain\Lister.Core.Domain.csproj", "{1351E854-0156-4399-9D21-58F16CAF0F74}"
EndProject
Project("{FAE04EC0-301F-11D3-BF4B-00C04F79EFBC}") = "Lister.Core.Infrastructure.Sql", "src\Modules\Core\Lister.Core.Infrastructure.Sql\Lister.Core.Infrastructure.Sql.csproj", "{9EC44A23-1B88-4635-B4D5-CAF7459DF20F}"
EndProject
Project("{FAE04EC0-301F-11D3-BF4B-00C04F79EFBC}") = "Lister.Lists.Infrastructure.Sql", "src\Modules\Lists\Lister.Lists.Infrastructure.Sql\Lister.Lists.Infrastructure.Sql.csproj", "{EF2F2677-2E3D-40D7-BE2E-5AC910F3FB1D}"
EndProject
Project("{FAE04EC0-301F-11D3-BF4B-00C04F79EFBC}") = "Lister.Core.Infrastructure.OpenAi", "src\Modules\Core\Lister.Core.Infrastructure.OpenAi\Lister.Core.Infrastructure.OpenAi.csproj", "{66E26584-CBD3-4058-B6C3-62760D261BFE}"
EndProject
Project("{2150E333-8FDC-42A3-9474-1A3956D46DE8}") = "Users", "Users", "{96EBDEE2-7BD7-41FA-882D-E2700EA4C790}"
EndProject
Project("{FAE04EC0-301F-11D3-BF4B-00C04F79EFBC}") = "Lister.Users.Infrastructure.Sql", "src\Modules\Users\Lister.Users.Infrastructure.Sql\Lister.Users.Infrastructure.Sql.csproj", "{9C466B71-1495-47D6-8F8F-122EAE75CBB5}"
EndProject
Global
	GlobalSection(SolutionConfigurationPlatforms) = preSolution
		Debug|Any CPU = Debug|Any CPU
		Release|Any CPU = Release|Any CPU
	EndGlobalSection
	GlobalSection(SolutionProperties) = preSolution
		HideSolutionNode = FALSE
	EndGlobalSection
	GlobalSection(NestedProjects) = preSolution
		{1DAD2A4C-7104-45DD-8301-DC868B8A6C6C} = {1AA1A271-B127-4AB4-A137-67CDC4655917}
		{D413228F-C866-4539-8C97-01EF654DD7D1} = {1AA1A271-B127-4AB4-A137-67CDC4655917}
		{8F27C246-8041-4FE4-99B3-B52CF6D4A298} = {1AA1A271-B127-4AB4-A137-67CDC4655917}
		{2FEFB6CD-394D-4B1A-B115-0674636A9269} = {8F27C246-8041-4FE4-99B3-B52CF6D4A298}
		{0F8609A7-BB48-4D08-AAC3-C71D82E86F27} = {8F27C246-8041-4FE4-99B3-B52CF6D4A298}
		{0619B74E-04D3-4DFE-92C5-843CBCDCCE63} = {0F8609A7-BB48-4D08-AAC3-C71D82E86F27}
		{5EC6D1EF-2717-4A01-AF2D-D3D3DA9B90C3} = {0F8609A7-BB48-4D08-AAC3-C71D82E86F27}
		{392AB6F6-9199-462B-80A2-D3C2FFF314B2} = {2FEFB6CD-394D-4B1A-B115-0674636A9269}
		{1351E854-0156-4399-9D21-58F16CAF0F74} = {2FEFB6CD-394D-4B1A-B115-0674636A9269}
		{9EC44A23-1B88-4635-B4D5-CAF7459DF20F} = {2FEFB6CD-394D-4B1A-B115-0674636A9269}
		{EF2F2677-2E3D-40D7-BE2E-5AC910F3FB1D} = {0F8609A7-BB48-4D08-AAC3-C71D82E86F27}
		{66E26584-CBD3-4058-B6C3-62760D261BFE} = {2FEFB6CD-394D-4B1A-B115-0674636A9269}
		{96EBDEE2-7BD7-41FA-882D-E2700EA4C790} = {8F27C246-8041-4FE4-99B3-B52CF6D4A298}
		{9C466B71-1495-47D6-8F8F-122EAE75CBB5} = {96EBDEE2-7BD7-41FA-882D-E2700EA4C790}
	EndGlobalSection
	GlobalSection(ProjectConfigurationPlatforms) = postSolution
		{1DAD2A4C-7104-45DD-8301-DC868B8A6C6C}.Debug|Any CPU.ActiveCfg = Debug|Any CPU
		{1DAD2A4C-7104-45DD-8301-DC868B8A6C6C}.Debug|Any CPU.Build.0 = Debug|Any CPU
		{1DAD2A4C-7104-45DD-8301-DC868B8A6C6C}.Release|Any CPU.ActiveCfg = Release|Any CPU
		{1DAD2A4C-7104-45DD-8301-DC868B8A6C6C}.Release|Any CPU.Build.0 = Release|Any CPU
		{D413228F-C866-4539-8C97-01EF654DD7D1}.Debug|Any CPU.ActiveCfg = Debug|Any CPU
		{D413228F-C866-4539-8C97-01EF654DD7D1}.Debug|Any CPU.Build.0 = Debug|Any CPU
		{D413228F-C866-4539-8C97-01EF654DD7D1}.Release|Any CPU.ActiveCfg = Debug|Any CPU
		{D413228F-C866-4539-8C97-01EF654DD7D1}.Release|Any CPU.Build.0 = Debug|Any CPU
		{0619B74E-04D3-4DFE-92C5-843CBCDCCE63}.Debug|Any CPU.ActiveCfg = Debug|Any CPU
		{0619B74E-04D3-4DFE-92C5-843CBCDCCE63}.Debug|Any CPU.Build.0 = Debug|Any CPU
		{0619B74E-04D3-4DFE-92C5-843CBCDCCE63}.Release|Any CPU.ActiveCfg = Release|Any CPU
		{0619B74E-04D3-4DFE-92C5-843CBCDCCE63}.Release|Any CPU.Build.0 = Release|Any CPU
		{5EC6D1EF-2717-4A01-AF2D-D3D3DA9B90C3}.Debug|Any CPU.ActiveCfg = Debug|Any CPU
		{5EC6D1EF-2717-4A01-AF2D-D3D3DA9B90C3}.Debug|Any CPU.Build.0 = Debug|Any CPU
		{5EC6D1EF-2717-4A01-AF2D-D3D3DA9B90C3}.Release|Any CPU.ActiveCfg = Release|Any CPU
		{5EC6D1EF-2717-4A01-AF2D-D3D3DA9B90C3}.Release|Any CPU.Build.0 = Release|Any CPU
		{392AB6F6-9199-462B-80A2-D3C2FFF314B2}.Debug|Any CPU.ActiveCfg = Debug|Any CPU
		{392AB6F6-9199-462B-80A2-D3C2FFF314B2}.Debug|Any CPU.Build.0 = Debug|Any CPU
		{392AB6F6-9199-462B-80A2-D3C2FFF314B2}.Release|Any CPU.ActiveCfg = Release|Any CPU
		{392AB6F6-9199-462B-80A2-D3C2FFF314B2}.Release|Any CPU.Build.0 = Release|Any CPU
		{1351E854-0156-4399-9D21-58F16CAF0F74}.Debug|Any CPU.ActiveCfg = Debug|Any CPU
		{1351E854-0156-4399-9D21-58F16CAF0F74}.Debug|Any CPU.Build.0 = Debug|Any CPU
		{1351E854-0156-4399-9D21-58F16CAF0F74}.Release|Any CPU.ActiveCfg = Release|Any CPU
		{1351E854-0156-4399-9D21-58F16CAF0F74}.Release|Any CPU.Build.0 = Release|Any CPU
		{9EC44A23-1B88-4635-B4D5-CAF7459DF20F}.Debug|Any CPU.ActiveCfg = Debug|Any CPU
		{9EC44A23-1B88-4635-B4D5-CAF7459DF20F}.Debug|Any CPU.Build.0 = Debug|Any CPU
		{9EC44A23-1B88-4635-B4D5-CAF7459DF20F}.Release|Any CPU.ActiveCfg = Release|Any CPU
		{9EC44A23-1B88-4635-B4D5-CAF7459DF20F}.Release|Any CPU.Build.0 = Release|Any CPU
		{EF2F2677-2E3D-40D7-BE2E-5AC910F3FB1D}.Debug|Any CPU.ActiveCfg = Debug|Any CPU
		{EF2F2677-2E3D-40D7-BE2E-5AC910F3FB1D}.Debug|Any CPU.Build.0 = Debug|Any CPU
		{EF2F2677-2E3D-40D7-BE2E-5AC910F3FB1D}.Release|Any CPU.ActiveCfg = Release|Any CPU
		{EF2F2677-2E3D-40D7-BE2E-5AC910F3FB1D}.Release|Any CPU.Build.0 = Release|Any CPU
		{66E26584-CBD3-4058-B6C3-62760D261BFE}.Debug|Any CPU.ActiveCfg = Debug|Any CPU
		{66E26584-CBD3-4058-B6C3-62760D261BFE}.Debug|Any CPU.Build.0 = Debug|Any CPU
		{66E26584-CBD3-4058-B6C3-62760D261BFE}.Release|Any CPU.ActiveCfg = Release|Any CPU
		{66E26584-CBD3-4058-B6C3-62760D261BFE}.Release|Any CPU.Build.0 = Release|Any CPU
		{9C466B71-1495-47D6-8F8F-122EAE75CBB5}.Debug|Any CPU.ActiveCfg = Debug|Any CPU
		{9C466B71-1495-47D6-8F8F-122EAE75CBB5}.Debug|Any CPU.Build.0 = Debug|Any CPU
		{9C466B71-1495-47D6-8F8F-122EAE75CBB5}.Release|Any CPU.ActiveCfg = Release|Any CPU
		{9C466B71-1495-47D6-8F8F-122EAE75CBB5}.Release|Any CPU.Build.0 = Release|Any CPU
	EndGlobalSection
EndGlobal
